// !$*UTF8*$!
{
	archiveVersion = 1;
	classes = {
	};
	objectVersion = 42;
	objects = {

/* Begin PBXFileReference section */
		590D2C2911CAB31100954586 /* crawlelectiondata.php */ = {isa = PBXFileReference; fileEncoding = 4; lastKnownFileType = text.script.php; name = crawlelectiondata.php; path = mapfileprocess/crawlelectiondata.php; sourceTree = "<group>"; };
		590D2C3011CACE8B00954586 /* crawlallelectiondata.sh */ = {isa = PBXFileReference; fileEncoding = 4; lastKnownFileType = text.script.sh; name = crawlallelectiondata.sh; path = mapfileprocess/crawlallelectiondata.sh; sourceTree = "<group>"; };
		590D2C3211CAF3CF00954586 /* flickrfetch.php */ = {isa = PBXFileReference; fileEncoding = 4; lastKnownFileType = text.script.php; name = flickrfetch.php; path = mapfileprocess/flickrfetch.php; sourceTree = "<group>"; };
		590D2C3611CBC34700954586 /* index.php */ = {isa = PBXFileReference; fileEncoding = 4; lastKnownFileType = text.script.php; path = index.php; sourceTree = "<group>"; };
		590D2C3711CBC62600954586 /* config.php */ = {isa = PBXFileReference; fileEncoding = 4; lastKnownFileType = text.script.php; path = config.php; sourceTree = "<group>"; };
		590D2C3911CBC86100954586 /* oauth.php */ = {isa = PBXFileReference; fileEncoding = 4; lastKnownFileType = text.script.php; path = oauth.php; sourceTree = "<group>"; };
		590D2C3A11CBC86100954586 /* twitteroauth.php */ = {isa = PBXFileReference; fileEncoding = 4; lastKnownFileType = text.script.php; path = twitteroauth.php; sourceTree = "<group>"; };
		590D2C3B11CBC86100954586 /* oauthutils.php */ = {isa = PBXFileReference; fileEncoding = 4; lastKnownFileType = text.script.php; path = oauthutils.php; sourceTree = "<group>"; };
		590D2C3C11CBC86100954586 /* peteutils.php */ = {isa = PBXFileReference; fileEncoding = 4; lastKnownFileType = text.script.php; path = peteutils.php; sourceTree = "<group>"; };
		590D2C3D11CC128F00954586 /* updates.php */ = {isa = PBXFileReference; fileEncoding = 4; lastKnownFileType = text.script.php; path = updates.php; sourceTree = "<group>"; };
		590D2C4611CD65D400954586 /* index.php */ = {isa = PBXFileReference; fileEncoding = 4; lastKnownFileType = text.script.php; path = index.php; sourceTree = "<group>"; };
		590D2C4711CD65D400954586 /* peteutils.php */ = {isa = PBXFileReference; fileEncoding = 4; lastKnownFileType = text.script.php; path = peteutils.php; sourceTree = "<group>"; };
		590D2C4811CD65D400954586 /* placecache.json */ = {isa = PBXFileReference; fileEncoding = 4; lastKnownFileType = text; path = placecache.json; sourceTree = "<group>"; };
		590D2C4911CD65D400954586 /* updates.php */ = {isa = PBXFileReference; fileEncoding = 4; lastKnownFileType = text.script.php; path = updates.php; sourceTree = "<group>"; };
		590D907E11BB047B00D4F8C1 /* thanks.html */ = {isa = PBXFileReference; fileEncoding = 4; lastKnownFileType = text.html; name = thanks.html; path = website/thanks.html; sourceTree = "<group>"; };
		590D907F11BC2B5E00D4F8C1 /* cropways.php */ = {isa = PBXFileReference; fileEncoding = 4; lastKnownFileType = text.script.php; name = cropways.php; path = mapfileprocess/cropways.php; sourceTree = "<group>"; };
		5959068F11D7F0EA000715A7 /* ecoprocess.py */ = {isa = PBXFileReference; fileEncoding = 4; lastKnownFileType = text.script.python; name = ecoprocess.py; path = mapfileprocess/ecoprocess.py; sourceTree = "<group>"; };
		596DFE1711FE236400C62A97 /* jquery.slidefade.js */ = {isa = PBXFileReference; fileEncoding = 4; lastKnownFileType = sourcecode.javascript; name = jquery.slidefade.js; path = static/scripts/jquery.slidefade.js; sourceTree = "<group>"; };
		5979627C122062C0009518FD /* publishmaps.py */ = {isa = PBXFileReference; fileEncoding = 4; lastKnownFileType = text.script.python; name = publishmaps.py; path = mapfileprocess/publishmaps.py; sourceTree = "<group>"; };
		59820B7711A44A9F0047D5FC /* bucketgrid.php */ = {isa = PBXFileReference; fileEncoding = 4; lastKnownFileType = text.script.php; name = bucketgrid.php; path = mapfileprocess/bucketgrid.php; sourceTree = "<group>"; };
		59820B7811A44A9F0047D5FC /* cliargs.php */ = {isa = PBXFileReference; fileEncoding = 4; lastKnownFileType = text.script.php; name = cliargs.php; path = mapfileprocess/cliargs.php; sourceTree = "<group>"; };
		59820B7911A44A9F0047D5FC /* convertasciitoosm.php */ = {isa = PBXFileReference; fileEncoding = 4; lastKnownFileType = text.script.php; name = convertasciitoosm.php; path = mapfileprocess/convertasciitoosm.php; sourceTree = "<group>"; };
		59820B7A11A44A9F0047D5FC /* createblatofips.php */ = {isa = PBXFileReference; fileEncoding = 4; lastKnownFileType = text.script.php; name = createblatofips.php; path = mapfileprocess/createblatofips.php; sourceTree = "<group>"; };
		59820B7B11A44A9F0047D5FC /* csvtojson.php */ = {isa = PBXFileReference; fileEncoding = 4; lastKnownFileType = text.script.php; name = csvtojson.php; path = mapfileprocess/csvtojson.php; sourceTree = "<group>"; };
		59820B7C11A44A9F0047D5FC /* forceclosedways.php */ = {isa = PBXFileReference; fileEncoding = 4; lastKnownFileType = text.script.php; name = forceclosedways.php; path = mapfileprocess/forceclosedways.php; sourceTree = "<group>"; };
		59820B7D11A44A9F0047D5FC /* mergeosmfiles.php */ = {isa = PBXFileReference; fileEncoding = 4; lastKnownFileType = text.script.php; name = mergeosmfiles.php; path = mapfileprocess/mergeosmfiles.php; sourceTree = "<group>"; };
		59820B7E11A44A9F0047D5FC /* osmways.php */ = {isa = PBXFileReference; fileEncoding = 4; lastKnownFileType = text.script.php; name = osmways.php; path = mapfileprocess/osmways.php; sourceTree = "<group>"; };
		59820B7F11A44A9F0047D5FC /* placeiqtocsv.php */ = {isa = PBXFileReference; fileEncoding = 4; lastKnownFileType = text.script.php; name = placeiqtocsv.php; path = mapfileprocess/placeiqtocsv.php; sourceTree = "<group>"; };
		59820B8011A44A9F0047D5FC /* polyshp2osm.py */ = {isa = PBXFileReference; fileEncoding = 4; lastKnownFileType = text.script.python; name = polyshp2osm.py; path = mapfileprocess/polyshp2osm.py; sourceTree = "<group>"; };
		59820B8111A44A9F0047D5FC /* publish.sh */ = {isa = PBXFileReference; fileEncoding = 4; lastKnownFileType = text.script.sh; name = publish.sh; path = mapfileprocess/publish.sh; sourceTree = "<group>"; };
		59820B8211A44A9F0047D5FC /* README */ = {isa = PBXFileReference; fileEncoding = 4; lastKnownFileType = text; name = README; path = mapfileprocess/README; sourceTree = "<group>"; };
		59820B8311A44A9F0047D5FC /* reducelod.php */ = {isa = PBXFileReference; fileEncoding = 4; lastKnownFileType = text.script.php; name = reducelod.php; path = mapfileprocess/reducelod.php; sourceTree = "<group>"; };
		59820B8411A44A9F0047D5FC /* rules.txt */ = {isa = PBXFileReference; fileEncoding = 4; lastKnownFileType = text; name = rules.txt; path = mapfileprocess/rules.txt; sourceTree = "<group>"; };
		59820B8511A44A9F0047D5FC /* selectways.php */ = {isa = PBXFileReference; fileEncoding = 4; lastKnownFileType = text.script.php; name = selectways.php; path = mapfileprocess/selectways.php; sourceTree = "<group>"; };
		59820B8611A44A9F0047D5FC /* unemploymenttocsv.php */ = {isa = PBXFileReference; fileEncoding = 4; lastKnownFileType = text.script.php; name = unemploymenttocsv.php; path = mapfileprocess/unemploymenttocsv.php; sourceTree = "<group>"; };
		59820B8711A44A9F0047D5FC /* worldbanksplitter.php */ = {isa = PBXFileReference; fileEncoding = 4; lastKnownFileType = text.script.php; name = worldbanksplitter.php; path = mapfileprocess/worldbanksplitter.php; sourceTree = "<group>"; };
		59820B8911A44AC60047D5FC /* BucketGrid.as */ = {isa = PBXFileReference; fileEncoding = 4; lastKnownFileType = text; name = BucketGrid.as; path = maprender/src/BucketGrid.as; sourceTree = "<group>"; };
		59820B8A11A44AC60047D5FC /* maprender.mxml */ = {isa = PBXFileReference; fileEncoding = 4; lastKnownFileType = text.xml; name = maprender.mxml; path = maprender/src/maprender.mxml; sourceTree = "<group>"; };
		59820B8B11A44AC60047D5FC /* TimelineControls.as */ = {isa = PBXFileReference; fileEncoding = 4; lastKnownFileType = text; name = TimelineControls.as; path = maprender/src/TimelineControls.as; sourceTree = "<group>"; };
		59820B9311A44B890047D5FC /* config.php */ = {isa = PBXFileReference; fileEncoding = 4; lastKnownFileType = text.script.php; name = config.php; path = website/config.php; sourceTree = "<group>"; };
		59820B9411A44B890047D5FC /* geometryindex.php */ = {isa = PBXFileReference; fileEncoding = 4; lastKnownFileType = text.script.php; name = geometryindex.php; path = website/geometryindex.php; sourceTree = "<group>"; };
		59820B9511A44B890047D5FC /* index.html */ = {isa = PBXFileReference; fileEncoding = 4; lastKnownFileType = text.html; name = index.html; path = website/index.html; sourceTree = "<group>"; };
		59820B9611A44B890047D5FC /* locationheaders.php */ = {isa = PBXFileReference; fileEncoding = 4; lastKnownFileType = text.script.php; name = locationheaders.php; path = website/locationheaders.php; sourceTree = "<group>"; };
		59820B9711A44B890047D5FC /* locationhelp.php */ = {isa = PBXFileReference; fileEncoding = 4; lastKnownFileType = text.script.php; name = locationhelp.php; path = website/locationhelp.php; sourceTree = "<group>"; };
		59820B9811A44B890047D5FC /* locationtables.php */ = {isa = PBXFileReference; fileEncoding = 4; lastKnownFileType = text.script.php; name = locationtables.php; path = website/locationtables.php; sourceTree = "<group>"; };
		59820B9911A44B890047D5FC /* locationvalueshelp.php */ = {isa = PBXFileReference; fileEncoding = 4; lastKnownFileType = text.script.php; name = locationvalueshelp.php; path = website/locationvalueshelp.php; sourceTree = "<group>"; };
		59820B9A11A44B890047D5FC /* mapsettings.php */ = {isa = PBXFileReference; fileEncoding = 4; lastKnownFileType = text.script.php; name = mapsettings.php; path = website/mapsettings.php; sourceTree = "<group>"; };
		59820B9B11A44B890047D5FC /* S3.php */ = {isa = PBXFileReference; fileEncoding = 4; lastKnownFileType = text.script.php; name = S3.php; path = website/S3.php; sourceTree = "<group>"; };
		59820B9C11A44B890047D5FC /* savesettings.php */ = {isa = PBXFileReference; fileEncoding = 4; lastKnownFileType = text.script.php; name = savesettings.php; path = website/savesettings.php; sourceTree = "<group>"; };
		59820B9D11A44B890047D5FC /* settingshelp.php */ = {isa = PBXFileReference; fileEncoding = 4; lastKnownFileType = text.script.php; name = settingshelp.php; path = website/settingshelp.php; sourceTree = "<group>"; };
		59820BA111A44B890047D5FC /* uploadcsv.php */ = {isa = PBXFileReference; fileEncoding = 4; lastKnownFileType = text.script.php; name = uploadcsv.php; path = website/uploadcsv.php; sourceTree = "<group>"; };
		59820BA211A44B890047D5FC /* utils.php */ = {isa = PBXFileReference; fileEncoding = 4; lastKnownFileType = text.script.php; name = utils.php; path = website/utils.php; sourceTree = "<group>"; };
		59820BA311A44B890047D5FC /* view.html */ = {isa = PBXFileReference; fileEncoding = 4; lastKnownFileType = text.html; name = view.html; path = website/view.html; sourceTree = "<group>"; };
		59820BA711A44BDC0047D5FC /* index.html */ = {isa = PBXFileReference; fileEncoding = 4; lastKnownFileType = text.html; name = index.html; path = website/examples/us_unemployment_county/index.html; sourceTree = "<group>"; };
		59820BAD11A44C050047D5FC /* index.html */ = {isa = PBXFileReference; fileEncoding = 4; lastKnownFileType = text.html; name = index.html; path = website/examples/world_bank_data/index.html; sourceTree = "<group>"; };
		59820BAE11A44C050047D5FC /* series_index.js */ = {isa = PBXFileReference; fileEncoding = 4; lastKnownFileType = sourcecode.javascript; name = series_index.js; path = website/examples/world_bank_data/series_index.js; sourceTree = "<group>"; };
		59820BAF11A44E5C0047D5FC /* edit.html */ = {isa = PBXFileReference; fileEncoding = 4; lastKnownFileType = text.html; name = edit.html; path = website/edit.html; sourceTree = "<group>"; };
		59820BB111A458D40047D5FC /* colorpicker.css */ = {isa = PBXFileReference; fileEncoding = 4; lastKnownFileType = text.css; name = colorpicker.css; path = static/css/colorpicker.css; sourceTree = "<group>"; };
		59820BB211A458D40047D5FC /* mainstyle.css */ = {isa = PBXFileReference; fileEncoding = 4; lastKnownFileType = text.css; name = mainstyle.css; path = static/css/mainstyle.css; sourceTree = "<group>"; };
		59820BB311A458E10047D5FC /* ajaxupload.3.6.js */ = {isa = PBXFileReference; fileEncoding = 4; lastKnownFileType = sourcecode.javascript; name = ajaxupload.3.6.js; path = static/scripts/ajaxupload.3.6.js; sourceTree = "<group>"; };
		59820BB411A458E10047D5FC /* base64.js */ = {isa = PBXFileReference; fileEncoding = 4; lastKnownFileType = sourcecode.javascript; name = base64.js; path = static/scripts/base64.js; sourceTree = "<group>"; };
		59820BB511A458E10047D5FC /* colorpicker.js */ = {isa = PBXFileReference; fileEncoding = 4; lastKnownFileType = sourcecode.javascript; name = colorpicker.js; path = static/scripts/colorpicker.js; sourceTree = "<group>"; };
		59820BB611A458E10047D5FC /* cookie.js */ = {isa = PBXFileReference; fileEncoding = 4; lastKnownFileType = sourcecode.javascript; name = cookie.js; path = static/scripts/cookie.js; sourceTree = "<group>"; };
		59820BB811A458E10047D5FC /* json.js */ = {isa = PBXFileReference; fileEncoding = 4; lastKnownFileType = sourcecode.javascript; name = json.js; path = static/scripts/json.js; sourceTree = "<group>"; };
		59820BBA11A458E10047D5FC /* urlparam.js */ = {isa = PBXFileReference; fileEncoding = 4; lastKnownFileType = sourcecode.javascript; name = urlparam.js; path = static/scripts/urlparam.js; sourceTree = "<group>"; };
		59820BBB11A458E10047D5FC /* watermarkinput.js */ = {isa = PBXFileReference; fileEncoding = 4; lastKnownFileType = sourcecode.javascript; name = watermarkinput.js; path = static/scripts/watermarkinput.js; sourceTree = "<group>"; };
		59820BBD11A45C100047D5FC /* upload.html */ = {isa = PBXFileReference; fileEncoding = 4; lastKnownFileType = text.html; name = upload.html; path = website/upload.html; sourceTree = "<group>"; };
		59820C5311A5C8D80047D5FC /* index.html */ = {isa = PBXFileReference; fileEncoding = 4; lastKnownFileType = text.html; name = index.html; path = website/examples/map_data_viewer/index.html; sourceTree = "<group>"; };
		59820CE511A8789A0047D5FC /* cleanmesh.php */ = {isa = PBXFileReference; fileEncoding = 4; lastKnownFileType = text.script.php; name = cleanmesh.php; path = mapfileprocess/cleanmesh.php; sourceTree = "<group>"; };
		59820CE611A87B390047D5FC /* geomutils.php */ = {isa = PBXFileReference; fileEncoding = 4; lastKnownFileType = text.script.php; name = geomutils.php; path = mapfileprocess/geomutils.php; sourceTree = "<group>"; };
		59820D4811AB15060047D5FC /* index.html */ = {isa = PBXFileReference; fileEncoding = 4; lastKnownFileType = text.html; path = index.html; sourceTree = "<group>"; };
		59820D4911AB289F0047D5FC /* gallery.html */ = {isa = PBXFileReference; fileEncoding = 4; lastKnownFileType = text.html; name = gallery.html; path = website/gallery.html; sourceTree = "<group>"; };
		59820D4A11AB32880047D5FC /* location.php */ = {isa = PBXFileReference; fileEncoding = 4; lastKnownFileType = text.script.php; name = location.php; path = website/location.php; sourceTree = "<group>"; };
		59820D4B11AB32AA0047D5FC /* geoip.php */ = {isa = PBXFileReference; fileEncoding = 4; lastKnownFileType = text.script.php; name = geoip.php; path = website/geoip.php; sourceTree = "<group>"; };
		59820D9E11AC68570047D5FC /* placemaker.php */ = {isa = PBXFileReference; fileEncoding = 4; lastKnownFileType = text.script.php; name = placemaker.php; path = website/placemaker.php; sourceTree = "<group>"; };
		599DCB0F11ED3A370082DE3F /* index.html */ = {isa = PBXFileReference; fileEncoding = 4; lastKnownFileType = text.html; path = index.html; sourceTree = "<group>"; };
		599DCC1311EF973F0082DE3F /* twitterlocations.php */ = {isa = PBXFileReference; fileEncoding = 4; lastKnownFileType = text.script.php; name = twitterlocations.php; path = mapfileprocess/twitterlocations.php; sourceTree = "<group>"; };
		599DCC1411EFAD500082DE3F /* twitterquantize.php */ = {isa = PBXFileReference; fileEncoding = 4; lastKnownFileType = text.script.php; name = twitterquantize.php; path = mapfileprocess/twitterquantize.php; sourceTree = "<group>"; };
		599DCC1511EFAF330082DE3F /* twittercount.php */ = {isa = PBXFileReference; fileEncoding = 4; lastKnownFileType = text.script.php; name = twittercount.php; path = mapfileprocess/twittercount.php; sourceTree = "<group>"; };
		599DCC2111EFBBCC0082DE3F /* config.php */ = {isa = PBXFileReference; fileEncoding = 4; lastKnownFileType = text.script.php; name = config.php; path = website/examples/twitter_followers/config.php; sourceTree = "<group>"; };
		599DCC2211EFBBCC0082DE3F /* index.php */ = {isa = PBXFileReference; fileEncoding = 4; lastKnownFileType = text.script.php; name = index.php; path = website/examples/twitter_followers/index.php; sourceTree = "<group>"; };
		599DCC2411EFBBCC0082DE3F /* oauth.php */ = {isa = PBXFileReference; fileEncoding = 4; lastKnownFileType = text.script.php; path = oauth.php; sourceTree = "<group>"; };
		599DCC2511EFBBCC0082DE3F /* twitteroauth.php */ = {isa = PBXFileReference; fileEncoding = 4; lastKnownFileType = text.script.php; path = twitteroauth.php; sourceTree = "<group>"; };
		599DCC2611EFBBCC0082DE3F /* oauthutils.php */ = {isa = PBXFileReference; fileEncoding = 4; lastKnownFileType = text.script.php; name = oauthutils.php; path = website/examples/twitter_followers/oauthutils.php; sourceTree = "<group>"; };
		599DCC2711EFBBCC0082DE3F /* peteutils.php */ = {isa = PBXFileReference; fileEncoding = 4; lastKnownFileType = text.script.php; name = peteutils.php; path = website/examples/twitter_followers/peteutils.php; sourceTree = "<group>"; };
		599DCC2811EFBBCC0082DE3F /* updates.php */ = {isa = PBXFileReference; fileEncoding = 4; lastKnownFileType = text.script.php; name = updates.php; path = website/examples/twitter_followers/updates.php; sourceTree = "<group>"; };
		599DCCD711F259E20082DE3F /* uploadgoogle.html */ = {isa = PBXFileReference; fileEncoding = 4; lastKnownFileType = text.html; name = uploadgoogle.html; path = website/uploadgoogle.html; sourceTree = "<group>"; };
		599DCD9C11F376840082DE3F /* common.js */ = {isa = PBXFileReference; fileEncoding = 4; lastKnownFileType = sourcecode.javascript; name = common.js; path = static/scripts/common.js; sourceTree = "<group>"; };
		599DCE2611F396BF0082DE3F /* jqueryui.css */ = {isa = PBXFileReference; fileEncoding = 4; lastKnownFileType = text.css; name = jqueryui.css; path = static/css/jqueryui.css; sourceTree = "<group>"; };
		59B4864B120A68F800C96A58 /* config.php */ = {isa = PBXFileReference; fileEncoding = 4; lastKnownFileType = text.script.php; path = config.php; sourceTree = "<group>"; };
		59B4864C120A68F800C96A58 /* index.php */ = {isa = PBXFileReference; fileEncoding = 4; lastKnownFileType = text.script.php; path = index.php; sourceTree = "<group>"; };
		59B4864D120A68F800C96A58 /* placecache.json */ = {isa = PBXFileReference; fileEncoding = 4; lastKnownFileType = text; path = placecache.json; sourceTree = "<group>"; };
		59B4864E120A68F800C96A58 /* updates.php */ = {isa = PBXFileReference; fileEncoding = 4; lastKnownFileType = text.script.php; path = updates.php; sourceTree = "<group>"; };
		59B4865F120B79E900C96A58 /* utils.php */ = {isa = PBXFileReference; fileEncoding = 4; lastKnownFileType = text.script.php; path = utils.php; sourceTree = "<group>"; };
		59B48660120B924900C96A58 /* parallelcurl.php */ = {isa = PBXFileReference; fileEncoding = 4; lastKnownFileType = text.script.php; path = parallelcurl.php; sourceTree = "<group>"; };
		59B48661120BD00000C96A58 /* callfb.php */ = {isa = PBXFileReference; fileEncoding = 4; lastKnownFileType = text.script.php; path = callfb.php; sourceTree = "<group>"; };
		59B48662120C5C4500C96A58 /* placemaker.php */ = {isa = PBXFileReference; fileEncoding = 4; lastKnownFileType = text.script.php; path = placemaker.php; sourceTree = "<group>"; };
		59C216EF120106B100114912 /* scifoo.php */ = {isa = PBXFileReference; fileEncoding = 4; lastKnownFileType = text.script.php; name = scifoo.php; path = website/examples/twitter_followers/scifoo.php; sourceTree = "<group>"; };
		59DA390D122B147F00B61ABD /* translatefunctions.php */ = {isa = PBXFileReference; fileEncoding = 4; lastKnownFileType = text.script.php; name = translatefunctions.php; path = website/translatefunctions.php; sourceTree = "<group>"; };
		59DA390E122B147F00B61ABD /* translateutils.php */ = {isa = PBXFileReference; fileEncoding = 4; lastKnownFileType = text.script.php; name = translateutils.php; path = website/translateutils.php; sourceTree = "<group>"; };
		59DA390F122B177400B61ABD /* translatetest.php */ = {isa = PBXFileReference; fileEncoding = 4; lastKnownFileType = text.script.php; name = translatetest.php; path = website/translatetest.php; sourceTree = "<group>"; };
		59DA3921122B258700B61ABD /* testtranslate.py */ = {isa = PBXFileReference; fileEncoding = 4; lastKnownFileType = text.script.python; name = testtranslate.py; path = mapfileprocess/testtranslate.py; sourceTree = "<group>"; };
		59E636181218B0A50076D3B4 /* parallelcurl.php */ = {isa = PBXFileReference; fileEncoding = 4; lastKnownFileType = text.script.php; name = parallelcurl.php; path = website/parallelcurl.php; sourceTree = "<group>"; };
		59E63700121B433B0076D3B4 /* createcitytables.php */ = {isa = PBXFileReference; fileEncoding = 4; lastKnownFileType = text.script.php; name = createcitytables.php; path = mapfileprocess/createcitytables.php; sourceTree = "<group>"; };
		59E6374A121DE6BB0076D3B4 /* scratchpad.py */ = {isa = PBXFileReference; fileEncoding = 4; lastKnownFileType = text.script.python; name = scratchpad.py; path = mapfileprocess/scratchpad.py; sourceTree = "<group>"; };
		59F11C8C11DEA61F00DF3832 /* flattenrelations.php */ = {isa = PBXFileReference; fileEncoding = 4; lastKnownFileType = text.script.php; name = flattenrelations.php; path = mapfileprocess/flattenrelations.php; sourceTree = "<group>"; };
		59F11CD411DFD99600DF3832 /* jquery.openheatmap.js */ = {isa = PBXFileReference; fileEncoding = 4; lastKnownFileType = sourcecode.javascript; name = jquery.openheatmap.js; path = static/scripts/jquery.openheatmap.js; sourceTree = "<group>"; };
		59F11F9911E556A900DF3832 /* embed.html */ = {isa = PBXFileReference; fileEncoding = 4; lastKnownFileType = text.html; name = embed.html; path = website/embed.html; sourceTree = "<group>"; };
		59F11FA911E5588A00DF3832 /* embedtest.html */ = {isa = PBXFileReference; fileEncoding = 4; lastKnownFileType = text.html; name = embedtest.html; path = website/embedtest.html; sourceTree = "<group>"; };
		59FC5C3611F90BFC00A4E6F1 /* bdb_lookup.pl */ = {isa = PBXFileReference; fileEncoding = 4; lastKnownFileType = text.script.perl; path = bdb_lookup.pl; sourceTree = "<group>"; };
		59FC5C4311F90BFC00A4E6F1 /* geocode_benchmark.pl */ = {isa = PBXFileReference; fileEncoding = 4; lastKnownFileType = text.script.perl; path = geocode_benchmark.pl; sourceTree = "<group>"; };
		59FC5C4411F90BFC00A4E6F1 /* geocode_cli.pl */ = {isa = PBXFileReference; fileEncoding = 4; lastKnownFileType = text.script.perl; path = geocode_cli.pl; sourceTree = "<group>"; };
		59FC5C4511F90BFC00A4E6F1 /* import_fips.pl */ = {isa = PBXFileReference; fileEncoding = 4; lastKnownFileType = text.script.perl; path = import_fips.pl; sourceTree = "<group>"; };
		59FC5C4611F90BFC00A4E6F1 /* import_tiger.pl */ = {isa = PBXFileReference; fileEncoding = 4; lastKnownFileType = text.script.perl; path = import_tiger.pl; sourceTree = "<group>"; };
		59FC5C4711F90BFC00A4E6F1 /* import_tiger_zip.pl */ = {isa = PBXFileReference; fileEncoding = 4; lastKnownFileType = text.script.perl; path = import_tiger_zip.pl; sourceTree = "<group>"; };
		59FC5C4811F90BFC00A4E6F1 /* lookup.pl */ = {isa = PBXFileReference; fileEncoding = 4; lastKnownFileType = text.script.perl; path = lookup.pl; sourceTree = "<group>"; };
		59FC5C4911F90D5600A4E6F1 /* geocoder.php */ = {isa = PBXFileReference; fileEncoding = 4; lastKnownFileType = text.script.php; name = geocoder.php; path = website/geocoder.php; sourceTree = "<group>"; };
		59FC5C4A11FA140F00A4E6F1 /* retrieveonlinedata.php */ = {isa = PBXFileReference; fileEncoding = 4; lastKnownFileType = text.script.php; name = retrieveonlinedata.php; path = website/retrieveonlinedata.php; sourceTree = "<group>"; };
		59FC5C4B11FB7BC700A4E6F1 /* yellowpagescrawl.php */ = {isa = PBXFileReference; fileEncoding = 4; lastKnownFileType = text.script.php; name = yellowpagescrawl.php; path = mapfileprocess/yellowpagescrawl.php; sourceTree = "<group>"; };
		59FC5C4C11FB7BD700A4E6F1 /* parallelcurl.php */ = {isa = PBXFileReference; fileEncoding = 4; lastKnownFileType = text.script.php; name = parallelcurl.php; path = mapfileprocess/parallelcurl.php; sourceTree = "<group>"; };
		59FE232A1235879B005C6314 /* uktolatlon.py */ = {isa = PBXFileReference; fileEncoding = 4; lastKnownFileType = text.script.python; name = uktolatlon.py; path = mapfileprocess/uktolatlon.py; sourceTree = "<group>"; };
		59FE232B12358EB8005C6314 /* uktolatlon.php */ = {isa = PBXFileReference; fileEncoding = 4; lastKnownFileType = text.script.php; name = uktolatlon.php; path = mapfileprocess/uktolatlon.php; sourceTree = "<group>"; };
		59FE232C12369F86005C6314 /* convertjsontoosm.php */ = {isa = PBXFileReference; fileEncoding = 4; lastKnownFileType = text.script.php; name = convertjsontoosm.php; path = mapfileprocess/convertjsontoosm.php; sourceTree = "<group>"; };
		59FE232F1236D042005C6314 /* zipcodes.json */ = {isa = PBXFileReference; fileEncoding = 4; lastKnownFileType = text.xml; name = zipcodes.json; path = website/zipcodes.json; sourceTree = "<group>"; };
		59FE23B312381C9D005C6314 /* createukcountytables.php */ = {isa = PBXFileReference; fileEncoding = 4; lastKnownFileType = text.script.php; name = createukcountytables.php; path = mapfileprocess/createukcountytables.php; sourceTree = "<group>"; };
		59FE24B912392A6A005C6314 /* createukconstituencytables.php */ = {isa = PBXFileReference; fileEncoding = 4; lastKnownFileType = text.script.php; name = createukconstituencytables.php; path = mapfileprocess/createukconstituencytables.php; sourceTree = "<group>"; };
		59FE25E7123C4578005C6314 /* convertkmltoosm.php */ = {isa = PBXFileReference; fileEncoding = 4; lastKnownFileType = text.script.php; name = convertkmltoosm.php; path = mapfileprocess/convertkmltoosm.php; sourceTree = "<group>"; };
		59FE25FD123C55B4005C6314 /* remaptags.php */ = {isa = PBXFileReference; fileEncoding = 4; lastKnownFileType = text.script.php; name = remaptags.php; path = mapfileprocess/remaptags.php; sourceTree = "<group>"; };
		59FE25FE123DA4E2005C6314 /* createtagtables.php */ = {isa = PBXFileReference; fileEncoding = 4; lastKnownFileType = text.script.php; name = createtagtables.php; path = mapfileprocess/createtagtables.php; sourceTree = "<group>"; };
/* End PBXFileReference section */

/* Begin PBXGroup section */
		590D2C3511CBC34700954586 /* twitter */ = {
			isa = PBXGroup;
			children = (
				590D2C3711CBC62600954586 /* config.php */,
				590D2C3611CBC34700954586 /* index.php */,
				590D2C3811CBC86100954586 /* oauth */,
				590D2C3B11CBC86100954586 /* oauthutils.php */,
				590D2C3C11CBC86100954586 /* peteutils.php */,
				590D2C3D11CC128F00954586 /* updates.php */,
			);
			name = twitter;
			path = website/examples/twitter;
			sourceTree = "<group>";
		};
		590D2C3811CBC86100954586 /* oauth */ = {
			isa = PBXGroup;
			children = (
				590D2C3911CBC86100954586 /* oauth.php */,
				590D2C3A11CBC86100954586 /* twitteroauth.php */,
			);
			path = oauth;
			sourceTree = "<group>";
		};
		590D2C4411CD65D400954586 /* twitter_search */ = {
			isa = PBXGroup;
			children = (
				590D2C4611CD65D400954586 /* index.php */,
				590D2C4711CD65D400954586 /* peteutils.php */,
				590D2C4811CD65D400954586 /* placecache.json */,
				590D2C4911CD65D400954586 /* updates.php */,
			);
			name = twitter_search;
			path = website/examples/twitter_search;
			sourceTree = "<group>";
		};
		594A3A8811A41DCB00E2F4CE = {
			isa = PBXGroup;
			children = (
				59820B7311A44A450047D5FC /* mapfileprocess */,
				59820B7411A44A510047D5FC /* maprender */,
				59820BB011A458A20047D5FC /* static */,
				59820B7611A44A6B0047D5FC /* website */,
			);
			sourceTree = "<group>";
		};
		59820B7311A44A450047D5FC /* mapfileprocess */ = {
			isa = PBXGroup;
			children = (
				59FC5C3011F90BE000A4E6F1 /* Geo-Coder-US-1.00 */,
				59820B7711A44A9F0047D5FC /* bucketgrid.php */,
				59820CE511A8789A0047D5FC /* cleanmesh.php */,
				59820B7811A44A9F0047D5FC /* cliargs.php */,
				59820B7911A44A9F0047D5FC /* convertasciitoosm.php */,
				59FE232C12369F86005C6314 /* convertjsontoosm.php */,
				59FE25E7123C4578005C6314 /* convertkmltoosm.php */,
				590D2C3011CACE8B00954586 /* crawlallelectiondata.sh */,
				590D2C2911CAB31100954586 /* crawlelectiondata.php */,
				59820B7A11A44A9F0047D5FC /* createblatofips.php */,
				59E63700121B433B0076D3B4 /* createcitytables.php */,
				59FE25FE123DA4E2005C6314 /* createtagtables.php */,
				59FE24B912392A6A005C6314 /* createukconstituencytables.php */,
				59FE23B312381C9D005C6314 /* createukcountytables.php */,
				590D907F11BC2B5E00D4F8C1 /* cropways.php */,
				59820B7B11A44A9F0047D5FC /* csvtojson.php */,
				59F11C8C11DEA61F00DF3832 /* flattenrelations.php */,
				590D2C3211CAF3CF00954586 /* flickrfetch.php */,
				59820B7C11A44A9F0047D5FC /* forceclosedways.php */,
				59820CE611A87B390047D5FC /* geomutils.php */,
				59820B7D11A44A9F0047D5FC /* mergeosmfiles.php */,
				59820B7E11A44A9F0047D5FC /* osmways.php */,
				59FC5C4C11FB7BD700A4E6F1 /* parallelcurl.php */,
				59820B7F11A44A9F0047D5FC /* placeiqtocsv.php */,
				59820B8011A44A9F0047D5FC /* polyshp2osm.py */,
				59820B8111A44A9F0047D5FC /* publish.sh */,
				5979627C122062C0009518FD /* publishmaps.py */,
				59820B8211A44A9F0047D5FC /* README */,
				59820B8311A44A9F0047D5FC /* reducelod.php */,
				59FE25FD123C55B4005C6314 /* remaptags.php */,
				59820B8411A44A9F0047D5FC /* rules.txt */,
				59E6374A121DE6BB0076D3B4 /* scratchpad.py */,
				59820B8511A44A9F0047D5FC /* selectways.php */,
				59DA3921122B258700B61ABD /* testtranslate.py */,
				599DCC1511EFAF330082DE3F /* twittercount.php */,
				599DCC1311EF973F0082DE3F /* twitterlocations.php */,
				599DCC1411EFAD500082DE3F /* twitterquantize.php */,
				59FE232B12358EB8005C6314 /* uktolatlon.php */,
				59FE232A1235879B005C6314 /* uktolatlon.py */,
				59820B8611A44A9F0047D5FC /* unemploymenttocsv.php */,
				59820B8711A44A9F0047D5FC /* worldbanksplitter.php */,
				59FC5C4B11FB7BC700A4E6F1 /* yellowpagescrawl.php */,
				5959068F11D7F0EA000715A7 /* ecoprocess.py */,
			);
			name = mapfileprocess;
			sourceTree = "<group>";
		};
		59820B7411A44A510047D5FC /* maprender */ = {
			isa = PBXGroup;
			children = (
				59820B8811A44AB80047D5FC /* src */,
			);
			name = maprender;
			sourceTree = "<group>";
		};
		59820B7611A44A6B0047D5FC /* website */ = {
			isa = PBXGroup;
			children = (
				59820B9311A44B890047D5FC /* config.php */,
				59820BAF11A44E5C0047D5FC /* edit.html */,
				59F11F9911E556A900DF3832 /* embed.html */,
				59F11FA911E5588A00DF3832 /* embedtest.html */,
				59820B8D11A44B0C0047D5FC /* examples */,
				59820D4911AB289F0047D5FC /* gallery.html */,
				59FC5C4911F90D5600A4E6F1 /* geocoder.php */,
				59820D4B11AB32AA0047D5FC /* geoip.php */,
				59820B9411A44B890047D5FC /* geometryindex.php */,
				59820B9511A44B890047D5FC /* index.html */,
				59820D4A11AB32880047D5FC /* location.php */,
				59820B9611A44B890047D5FC /* locationheaders.php */,
				59820B9711A44B890047D5FC /* locationhelp.php */,
				59820B9811A44B890047D5FC /* locationtables.php */,
				59820B9911A44B890047D5FC /* locationvalueshelp.php */,
				59820B9A11A44B890047D5FC /* mapsettings.php */,
				59E636181218B0A50076D3B4 /* parallelcurl.php */,
				59820D9E11AC68570047D5FC /* placemaker.php */,
				59FC5C4A11FA140F00A4E6F1 /* retrieveonlinedata.php */,
				59820B9B11A44B890047D5FC /* S3.php */,
				59820B9C11A44B890047D5FC /* savesettings.php */,
				59820B9D11A44B890047D5FC /* settingshelp.php */,
				590D907E11BB047B00D4F8C1 /* thanks.html */,
				59DA390D122B147F00B61ABD /* translatefunctions.php */,
				59DA390F122B177400B61ABD /* translatetest.php */,
				59DA390E122B147F00B61ABD /* translateutils.php */,
				59820BBD11A45C100047D5FC /* upload.html */,
				59820BA111A44B890047D5FC /* uploadcsv.php */,
				599DCCD711F259E20082DE3F /* uploadgoogle.html */,
				59820BA211A44B890047D5FC /* utils.php */,
				59820BA311A44B890047D5FC /* view.html */,
				59FE232F1236D042005C6314 /* zipcodes.json */,
			);
			name = website;
			sourceTree = "<group>";
		};
		59820B8811A44AB80047D5FC /* src */ = {
			isa = PBXGroup;
			children = (
				59820B8911A44AC60047D5FC /* BucketGrid.as */,
				59820B8A11A44AC60047D5FC /* maprender.mxml */,
				59820B8B11A44AC60047D5FC /* TimelineControls.as */,
			);
			name = src;
			sourceTree = "<group>";
		};
		59820B8C11A44B040047D5FC /* scripts */ = {
			isa = PBXGroup;
			children = (
				59820BB311A458E10047D5FC /* ajaxupload.3.6.js */,
				59820BB411A458E10047D5FC /* base64.js */,
				59820BB511A458E10047D5FC /* colorpicker.js */,
				599DCD9C11F376840082DE3F /* common.js */,
				59820BB611A458E10047D5FC /* cookie.js */,
				59820BB811A458E10047D5FC /* json.js */,
				59F11CD411DFD99600DF3832 /* jquery.openheatmap.js */,
				596DFE1711FE236400C62A97 /* jquery.slidefade.js */,
				59820BBA11A458E10047D5FC /* urlparam.js */,
				59820BBB11A458E10047D5FC /* watermarkinput.js */,
			);
			name = scripts;
			sourceTree = "<group>";
		};
		59820B8D11A44B0C0047D5FC /* examples */ = {
			isa = PBXGroup;
			children = (
				59B4864A120A68F800C96A58 /* facebook */,
				59820D4711AB15060047D5FC /* hello_world */,
				59820B9211A44B540047D5FC /* map_data_viewer */,
				590D2C3511CBC34700954586 /* twitter */,
				599DCC1611EFBBAE0082DE3F /* twitter_followers */,
				590D2C4411CD65D400954586 /* twitter_search */,
				599DCB0D11ED3A360082DE3F /* unemployment_and_congress */,
				59820B9111A44B450047D5FC /* us_unemployment_county */,
				59820B8F11A44B290047D5FC /* world_bank_data */,
			);
			name = examples;
			sourceTree = "<group>";
		};
		59820B8E11A44B150047D5FC /* css */ = {
			isa = PBXGroup;
			children = (
				59820BB111A458D40047D5FC /* colorpicker.css */,
				599DCE2611F396BF0082DE3F /* jqueryui.css */,
				59820BB211A458D40047D5FC /* mainstyle.css */,
			);
			name = css;
			sourceTree = "<group>";
		};
		59820B8F11A44B290047D5FC /* world_bank_data */ = {
			isa = PBXGroup;
			children = (
				59820BAD11A44C050047D5FC /* index.html */,
				59820BAE11A44C050047D5FC /* series_index.js */,
			);
			name = world_bank_data;
			sourceTree = "<group>";
		};
		59820B9111A44B450047D5FC /* us_unemployment_county */ = {
			isa = PBXGroup;
			children = (
				59820BA711A44BDC0047D5FC /* index.html */,
			);
			name = us_unemployment_county;
			sourceTree = "<group>";
		};
		59820B9211A44B540047D5FC /* map_data_viewer */ = {
			isa = PBXGroup;
			children = (
				59820C5311A5C8D80047D5FC /* index.html */,
			);
			name = map_data_viewer;
			sourceTree = "<group>";
		};
		59820BB011A458A20047D5FC /* static */ = {
			isa = PBXGroup;
			children = (
				59820B8E11A44B150047D5FC /* css */,
				59820B8C11A44B040047D5FC /* scripts */,
			);
			name = static;
			sourceTree = "<group>";
		};
		59820D4711AB15060047D5FC /* hello_world */ = {
			isa = PBXGroup;
			children = (
				59820D4811AB15060047D5FC /* index.html */,
			);
			name = hello_world;
			path = website/examples/hello_world;
			sourceTree = "<group>";
		};
		599DCB0D11ED3A360082DE3F /* unemployment_and_congress */ = {
			isa = PBXGroup;
			children = (
				599DCB0F11ED3A370082DE3F /* index.html */,
			);
			name = unemployment_and_congress;
			path = website/examples/unemployment_and_congress;
			sourceTree = "<group>";
		};
		599DCC1611EFBBAE0082DE3F /* twitter_followers */ = {
			isa = PBXGroup;
			children = (
				599DCC2111EFBBCC0082DE3F /* config.php */,
				599DCC2211EFBBCC0082DE3F /* index.php */,
				599DCC2311EFBBCC0082DE3F /* oauth */,
				599DCC2611EFBBCC0082DE3F /* oauthutils.php */,
				599DCC2711EFBBCC0082DE3F /* peteutils.php */,
				59C216EF120106B100114912 /* scifoo.php */,
				599DCC2811EFBBCC0082DE3F /* updates.php */,
			);
			name = twitter_followers;
			sourceTree = "<group>";
		};
		599DCC2311EFBBCC0082DE3F /* oauth */ = {
			isa = PBXGroup;
			children = (
				599DCC2411EFBBCC0082DE3F /* oauth.php */,
				599DCC2511EFBBCC0082DE3F /* twitteroauth.php */,
			);
			name = oauth;
			path = website/examples/twitter_followers/oauth;
			sourceTree = "<group>";
		};
		59B4864A120A68F800C96A58 /* facebook */ = {
			isa = PBXGroup;
			children = (
				59B48661120BD00000C96A58 /* callfb.php */,
				59B4864B120A68F800C96A58 /* config.php */,
				59B4864C120A68F800C96A58 /* index.php */,
				59B48660120B924900C96A58 /* parallelcurl.php */,
				59B4864D120A68F800C96A58 /* placecache.json */,
				59B48662120C5C4500C96A58 /* placemaker.php */,
				59B4864E120A68F800C96A58 /* updates.php */,
				59B4865F120B79E900C96A58 /* utils.php */,
			);
			name = facebook;
			path = website/examples/facebook;
			sourceTree = "<group>";
		};
		59FC5C3011F90BE000A4E6F1 /* Geo-Coder-US-1.00 */ = {
			isa = PBXGroup;
			children = (
				59FC5C3511F90BFC00A4E6F1 /* eg */,
			);
			name = "Geo-Coder-US-1.00";
			sourceTree = "<group>";
		};
		59FC5C3511F90BFC00A4E6F1 /* eg */ = {
			isa = PBXGroup;
			children = (
				59FC5C3611F90BFC00A4E6F1 /* bdb_lookup.pl */,
				59FC5C4311F90BFC00A4E6F1 /* geocode_benchmark.pl */,
				59FC5C4411F90BFC00A4E6F1 /* geocode_cli.pl */,
				59FC5C4511F90BFC00A4E6F1 /* import_fips.pl */,
				59FC5C4611F90BFC00A4E6F1 /* import_tiger.pl */,
				59FC5C4711F90BFC00A4E6F1 /* import_tiger_zip.pl */,
				59FC5C4811F90BFC00A4E6F1 /* lookup.pl */,
			);
			name = eg;
			path = "mapfileprocess/Geo-Coder-US-1.00/eg";
			sourceTree = "<group>";
		};
/* End PBXGroup section */

/* Begin PBXProject section */
		594A3A8A11A41DCB00E2F4CE /* Project object */ = {
			isa = PBXProject;
			buildConfigurationList = 594A3A8D11A41DCB00E2F4CE /* Build configuration list for PBXProject "openheatmap" */;
			compatibilityVersion = "Xcode 2.4";
			hasScannedForEncodings = 0;
			mainGroup = 594A3A8811A41DCB00E2F4CE;
			projectDirPath = "";
			projectRoot = "";
			targets = (
			);
		};
/* End PBXProject section */

/* Begin XCBuildConfiguration section */
		594A3A8B11A41DCB00E2F4CE /* Debug */ = {
			isa = XCBuildConfiguration;
			buildSettings = {
				COPY_PHASE_STRIP = NO;
			};
			name = Debug;
		};
		594A3A8C11A41DCB00E2F4CE /* Release */ = {
			isa = XCBuildConfiguration;
			buildSettings = {
				COPY_PHASE_STRIP = YES;
			};
			name = Release;
		};
/* End XCBuildConfiguration section */

/* Begin XCConfigurationList section */
		594A3A8D11A41DCB00E2F4CE /* Build configuration list for PBXProject "openheatmap" */ = {
			isa = XCConfigurationList;
			buildConfigurations = (
				594A3A8B11A41DCB00E2F4CE /* Debug */,
				594A3A8C11A41DCB00E2F4CE /* Release */,
			);
			defaultConfigurationIsVisible = 0;
			defaultConfigurationName = Release;
		};
/* End XCConfigurationList section */
	};
	rootObject = 594A3A8A11A41DCB00E2F4CE /* Project object */;
}
